
Microsoft Visual Studio Solution File, Format Version 12.00
# Visual Studio Version 17
VisualStudioVersion = 17.14.36518.9 d17.14
MinimumVisualStudioVersion = 10.0.40219.1
Project("{FAE04EC0-301F-11D3-BF4B-00C04F79EFBC}") = "asteriods", "asteriods\asteriods.csproj", "{E56579A0-7CE4-475E-BCBD-043918711796}"
EndProject
Global
	GlobalSection(SolutionConfigurationPlatforms) = preSolution
		Debug|Any CPU = Debug|Any CPU
		Release|Any CPU = Release|Any CPU
	EndGlobalSection
	GlobalSection(ProjectConfigurationPlatforms) = postSolution
		{E56579A0-7CE4-475E-BCBD-043918711796}.Debug|Any CPU.ActiveCfg = Debug|Any CPU
		{E56579A0-7CE4-475E-BCBD-043918711796}.Debug|Any CPU.Build.0 = Debug|Any CPU
		{E56579A0-7CE4-475E-BCBD-043918711796}.Release|Any CPU.ActiveCfg = Release|Any CPU
		{E56579A0-7CE4-475E-BCBD-043918711796}.Release|Any CPU.Build.0 = Release|Any CPU
	EndGlobalSection
	GlobalSection(SolutionProperties) = preSolution
		HideSolutionNode = FALSE
	EndGlobalSection
	GlobalSection(ExtensibilityGlobals) = postSolution
		SolutionGuid = {F65B794A-7A77-4593-9E18-481A23C49C8C}
	EndGlobalSection
EndGlobal
